hash: 57b7438016789b14409dc1043f9bf31a344b5e9f0cbc0f6aa95c46d6f92aedee
updated: 2017-01-29T22:01:20.624819709-05:00
imports:
- name: github.com/asdine/storm
  version: faf2c5d33aa0f572fa56e03de17c87b278b976c6
  subpackages:
  - codec
  - codec/json
  - index
  - internal
  - q
- name: github.com/boltdb/bolt
  version: 583e8937c61f1af6513608ccc75c97b6abdf4ff9
- name: github.com/cavaliercoder/grab
  version: e403b038e10c3c6aaf022ab0f8502bd659604140
- name: github.com/emirpasic/gods
  version: ec46b0116df083cba218abbf72522c6d0c065e4e
  subpackages:
  - containers
  - trees
  - trees/redblacktree
  - utils
- name: github.com/fsnotify/fsnotify
  version: a904159b9206978bb6d53fcc7a769e5cd726c737
- name: github.com/hashicorp/hcl
  version: db4f0768927a665a06c32855186e1bc762bcc8f5
  subpackages:
  - hcl/ast
  - hcl/parser
  - hcl/scanner
  - hcl/strconv
  - hcl/token
  - json/parser
  - json/scanner
  - json/token
- name: github.com/inconshreveable/mousetrap
  version: 76626ae9c91c4f2a10f34cad8ce83ea42c93bb75
- name: github.com/magiconair/properties
  version: b3b15ef068fd0b17ddf408a23669f20811d194d2
- name: github.com/mitchellh/mapstructure
  version: db1efb556f84b25a0a13a04aad883943538ad2e0
- name: github.com/pelletier/go-buffruneio
  version: df1e16fde7fc330a0ca68167c23bf7ed6ac31d6d
- name: github.com/pelletier/go-toml
  version: a1f048ba24490f9b0674a67e1ce995d685cddf4a
- name: github.com/spf13/afero
  version: 72b31426848c6ef12a7a8e216708cb0d1530f074
  subpackages:
  - mem
- name: github.com/spf13/cast
  version: d1139bab1c07d5ad390a65e7305876b3c1a8370b
- name: github.com/spf13/cobra
  version: c29ece4386f74084680e5e6d02d7b943ae630f63
- name: github.com/spf13/jwalterweatherman
  version: fa7ca7e836cf3a8bb4ebf799f472c12d7e903d66
- name: github.com/spf13/pflag
  version: a9a634f3de0a7529baded7ad6b0c7467d5c6eca7
- name: github.com/spf13/viper
  version: 5ed0fc31f7f453625df314d8e66b9791e8d13003
- name: golang.org/x/sys
  version: d75a52659825e75fff6158388dddc6a5b04f9ba5
  subpackages:
  - unix
- name: golang.org/x/text
  version: ece019dcfd29abcf65d0d1dfe145e8faad097640
  subpackages:
  - transform
  - unicode/norm
- name: gopkg.in/yaml.v2
  version: 4c78c975fe7c825c6d1466c42be594d1d6f3aba6
testImports: []
